
Microsoft Visual Studio Solution File, Format Version 12.00
# Visual Studio 14
VisualStudioVersion = 14.0.25123.0
MinimumVisualStudioVersion = 10.0.40219.1
Project("{FAE04EC0-301F-11D3-BF4B-00C04F79EFBC}") = "ComplexWriter", "SimpleWriter\ComplexWriter.csproj", "{575542EF-2ACA-419B-8E7C-04663AFC1370}"
EndProject
Project("{FAE04EC0-301F-11D3-BF4B-00C04F79EFBC}") = "FontOrganizer", "FontOrganizer\FontOrganizer.csproj", "{5985C8D7-54DD-45AC-BB85-EAC64BA45E79}"
EndProject
Project("{FAE04EC0-301F-11D3-BF4B-00C04F79EFBC}") = "TestElements", "TestElements\TestElements.csproj", "{2C0DDDB3-46D6-42CC-9AB0-13DC56C5C0D8}"
EndProject
Project("{FAE04EC0-301F-11D3-BF4B-00C04F79EFBC}") = "ColorTool", "ColorTool\ColorTool.csproj", "{0CA8DC9E-1206-42DB-ADE7-82160CAAD1C6}"
EndProject
Global
	GlobalSection(SolutionConfigurationPlatforms) = preSolution
		Debug|Any CPU = Debug|Any CPU
		Release|Any CPU = Release|Any CPU
	EndGlobalSection
	GlobalSection(ProjectConfigurationPlatforms) = postSolution
		{575542EF-2ACA-419B-8E7C-04663AFC1370}.Debug|Any CPU.ActiveCfg = Debug|Any CPU
		{575542EF-2ACA-419B-8E7C-04663AFC1370}.Debug|Any CPU.Build.0 = Debug|Any CPU
		{575542EF-2ACA-419B-8E7C-04663AFC1370}.Release|Any CPU.ActiveCfg = Release|Any CPU
		{575542EF-2ACA-419B-8E7C-04663AFC1370}.Release|Any CPU.Build.0 = Release|Any CPU
		{5985C8D7-54DD-45AC-BB85-EAC64BA45E79}.Debug|Any CPU.ActiveCfg = Debug|Any CPU
		{5985C8D7-54DD-45AC-BB85-EAC64BA45E79}.Debug|Any CPU.Build.0 = Debug|Any CPU
		{5985C8D7-54DD-45AC-BB85-EAC64BA45E79}.Release|Any CPU.ActiveCfg = Release|Any CPU
		{5985C8D7-54DD-45AC-BB85-EAC64BA45E79}.Release|Any CPU.Build.0 = Release|Any CPU
		{2C0DDDB3-46D6-42CC-9AB0-13DC56C5C0D8}.Debug|Any CPU.ActiveCfg = Debug|Any CPU
		{2C0DDDB3-46D6-42CC-9AB0-13DC56C5C0D8}.Debug|Any CPU.Build.0 = Debug|Any CPU
		{2C0DDDB3-46D6-42CC-9AB0-13DC56C5C0D8}.Release|Any CPU.ActiveCfg = Release|Any CPU
		{2C0DDDB3-46D6-42CC-9AB0-13DC56C5C0D8}.Release|Any CPU.Build.0 = Release|Any CPU
		{0CA8DC9E-1206-42DB-ADE7-82160CAAD1C6}.Debug|Any CPU.ActiveCfg = Debug|Any CPU
		{0CA8DC9E-1206-42DB-ADE7-82160CAAD1C6}.Debug|Any CPU.Build.0 = Debug|Any CPU
		{0CA8DC9E-1206-42DB-ADE7-82160CAAD1C6}.Release|Any CPU.ActiveCfg = Release|Any CPU
		{0CA8DC9E-1206-42DB-ADE7-82160CAAD1C6}.Release|Any CPU.Build.0 = Release|Any CPU
	EndGlobalSection
	GlobalSection(SolutionProperties) = preSolution
		HideSolutionNode = FALSE
	EndGlobalSection
EndGlobal
